
Microsoft Visual Studio Solution File, Format Version 12.00
# Visual Studio 15
VisualStudioVersion = 15.0.26730.8
MinimumVisualStudioVersion = 10.0.40219.1
Project("{FAE04EC0-301F-11D3-BF4B-00C04F79EFBC}") = "TestPlugin", "TestPlugin\TestPlugin.csproj", "{6206804B-2B16-4DB7-81D0-5969A1DF660D}"
EndProject
Project("{D954291E-2A0B-460D-934E-DC6B0785DB48}") = "KodiInterop", "KodiInterop\KodiInterop.shproj", "{238583EC-0D95-445E-9718-EC67F64A8141}"
EndProject
Global
	GlobalSection(SharedMSBuildProjectFiles) = preSolution
		KodiInterop\KodiInterop.projitems*{238583ec-0d95-445e-9718-ec67f64a8141}*SharedItemsImports = 13
		KodiInterop\KodiInterop.projitems*{6206804b-2b16-4db7-81d0-5969a1df660d}*SharedItemsImports = 4
	EndGlobalSection
	GlobalSection(SolutionConfigurationPlatforms) = preSolution
		Debug|Any CPU = Debug|Any CPU
		Debug|x64 = Debug|x64
		Debug|x86 = Debug|x86
		Release|Any CPU = Release|Any CPU
		Release|x64 = Release|x64
		Release|x86 = Release|x86
	EndGlobalSection
	GlobalSection(ProjectConfigurationPlatforms) = postSolution
		{6206804B-2B16-4DB7-81D0-5969A1DF660D}.Debug|Any CPU.ActiveCfg = Debug|Any CPU
		{6206804B-2B16-4DB7-81D0-5969A1DF660D}.Debug|Any CPU.Build.0 = Debug|Any CPU
		{6206804B-2B16-4DB7-81D0-5969A1DF660D}.Debug|x64.ActiveCfg = Debug|x64
		{6206804B-2B16-4DB7-81D0-5969A1DF660D}.Debug|x64.Build.0 = Debug|x64
		{6206804B-2B16-4DB7-81D0-5969A1DF660D}.Debug|x86.ActiveCfg = Debug|x86
		{6206804B-2B16-4DB7-81D0-5969A1DF660D}.Debug|x86.Build.0 = Debug|x86
		{6206804B-2B16-4DB7-81D0-5969A1DF660D}.Release|Any CPU.ActiveCfg = Release|Any CPU
		{6206804B-2B16-4DB7-81D0-5969A1DF660D}.Release|Any CPU.Build.0 = Release|Any CPU
		{6206804B-2B16-4DB7-81D0-5969A1DF660D}.Release|x64.ActiveCfg = Release|x64
		{6206804B-2B16-4DB7-81D0-5969A1DF660D}.Release|x64.Build.0 = Release|x64
		{6206804B-2B16-4DB7-81D0-5969A1DF660D}.Release|x86.ActiveCfg = Release|x86
		{6206804B-2B16-4DB7-81D0-5969A1DF660D}.Release|x86.Build.0 = Release|x86
	EndGlobalSection
	GlobalSection(SolutionProperties) = preSolution
		HideSolutionNode = FALSE
	EndGlobalSection
	GlobalSection(ExtensibilityGlobals) = postSolution
		SolutionGuid = {60A8A529-8F1B-45FA-A7C8-2FCE517BD25D}
	EndGlobalSection
EndGlobal
