
Microsoft Visual Studio Solution File, Format Version 12.00
# Visual Studio Version 17
VisualStudioVersion = 17.11.35327.3
MinimumVisualStudioVersion = 10.0.40219.1
Project("{9A19103F-16F7-4668-BE54-9A1E7A4F7556}") = "TestPlugin", "TestPlugin\TestPlugin.csproj", "{6206804B-2B16-4DB7-81D0-5969A1DF660D}"
EndProject
Project("{9A19103F-16F7-4668-BE54-9A1E7A4F7556}") = "KodiInterop", "KodiInterop\KodiInterop.csproj", "{74F29D3E-D877-49DF-8195-26CBBE178C32}"
EndProject
Project("{9A19103F-16F7-4668-BE54-9A1E7A4F7556}") = "SpeechRecognizerPlugin", "SpeechRecognizerPlugin\SpeechRecognizerPlugin.csproj", "{733517F1-04EA-464A-91F1-B4BE6CB84090}"
EndProject
Global
	GlobalSection(SolutionConfigurationPlatforms) = preSolution
		Debug|Any CPU = Debug|Any CPU
		Debug|x64 = Debug|x64
		Debug|x86 = Debug|x86
		Release|Any CPU = Release|Any CPU
		Release|x64 = Release|x64
		Release|x86 = Release|x86
	EndGlobalSection
	GlobalSection(ProjectConfigurationPlatforms) = postSolution
		{6206804B-2B16-4DB7-81D0-5969A1DF660D}.Debug|Any CPU.ActiveCfg = Debug|Any CPU
		{6206804B-2B16-4DB7-81D0-5969A1DF660D}.Debug|Any CPU.Build.0 = Debug|Any CPU
		{6206804B-2B16-4DB7-81D0-5969A1DF660D}.Debug|x64.ActiveCfg = Debug|Any CPU
		{6206804B-2B16-4DB7-81D0-5969A1DF660D}.Debug|x64.Build.0 = Debug|Any CPU
		{6206804B-2B16-4DB7-81D0-5969A1DF660D}.Debug|x86.ActiveCfg = Debug|Any CPU
		{6206804B-2B16-4DB7-81D0-5969A1DF660D}.Debug|x86.Build.0 = Debug|Any CPU
		{6206804B-2B16-4DB7-81D0-5969A1DF660D}.Release|Any CPU.ActiveCfg = Debug|Any CPU
		{6206804B-2B16-4DB7-81D0-5969A1DF660D}.Release|Any CPU.Build.0 = Debug|Any CPU
		{6206804B-2B16-4DB7-81D0-5969A1DF660D}.Release|x64.ActiveCfg = Debug|Any CPU
		{6206804B-2B16-4DB7-81D0-5969A1DF660D}.Release|x64.Build.0 = Debug|Any CPU
		{6206804B-2B16-4DB7-81D0-5969A1DF660D}.Release|x86.ActiveCfg = Debug|Any CPU
		{6206804B-2B16-4DB7-81D0-5969A1DF660D}.Release|x86.Build.0 = Debug|Any CPU
		{74F29D3E-D877-49DF-8195-26CBBE178C32}.Debug|Any CPU.ActiveCfg = Debug|Any CPU
		{74F29D3E-D877-49DF-8195-26CBBE178C32}.Debug|Any CPU.Build.0 = Debug|Any CPU
		{74F29D3E-D877-49DF-8195-26CBBE178C32}.Debug|x64.ActiveCfg = Debug|Any CPU
		{74F29D3E-D877-49DF-8195-26CBBE178C32}.Debug|x64.Build.0 = Debug|Any CPU
		{74F29D3E-D877-49DF-8195-26CBBE178C32}.Debug|x86.ActiveCfg = Debug|Any CPU
		{74F29D3E-D877-49DF-8195-26CBBE178C32}.Debug|x86.Build.0 = Debug|Any CPU
		{74F29D3E-D877-49DF-8195-26CBBE178C32}.Release|Any CPU.ActiveCfg = Debug|Any CPU
		{74F29D3E-D877-49DF-8195-26CBBE178C32}.Release|Any CPU.Build.0 = Debug|Any CPU
		{74F29D3E-D877-49DF-8195-26CBBE178C32}.Release|x64.ActiveCfg = Debug|Any CPU
		{74F29D3E-D877-49DF-8195-26CBBE178C32}.Release|x64.Build.0 = Debug|Any CPU
		{74F29D3E-D877-49DF-8195-26CBBE178C32}.Release|x86.ActiveCfg = Debug|Any CPU
		{74F29D3E-D877-49DF-8195-26CBBE178C32}.Release|x86.Build.0 = Debug|Any CPU
		{733517F1-04EA-464A-91F1-B4BE6CB84090}.Debug|Any CPU.ActiveCfg = Debug|Any CPU
		{733517F1-04EA-464A-91F1-B4BE6CB84090}.Debug|Any CPU.Build.0 = Debug|Any CPU
		{733517F1-04EA-464A-91F1-B4BE6CB84090}.Debug|x64.ActiveCfg = Debug|Any CPU
		{733517F1-04EA-464A-91F1-B4BE6CB84090}.Debug|x64.Build.0 = Debug|Any CPU
		{733517F1-04EA-464A-91F1-B4BE6CB84090}.Debug|x86.ActiveCfg = Debug|Any CPU
		{733517F1-04EA-464A-91F1-B4BE6CB84090}.Debug|x86.Build.0 = Debug|Any CPU
		{733517F1-04EA-464A-91F1-B4BE6CB84090}.Release|Any CPU.ActiveCfg = Debug|Any CPU
		{733517F1-04EA-464A-91F1-B4BE6CB84090}.Release|Any CPU.Build.0 = Debug|Any CPU
		{733517F1-04EA-464A-91F1-B4BE6CB84090}.Release|x64.ActiveCfg = Debug|Any CPU
		{733517F1-04EA-464A-91F1-B4BE6CB84090}.Release|x64.Build.0 = Debug|Any CPU
		{733517F1-04EA-464A-91F1-B4BE6CB84090}.Release|x86.ActiveCfg = Debug|Any CPU
		{733517F1-04EA-464A-91F1-B4BE6CB84090}.Release|x86.Build.0 = Debug|Any CPU
	EndGlobalSection
	GlobalSection(SolutionProperties) = preSolution
		HideSolutionNode = FALSE
	EndGlobalSection
	GlobalSection(ExtensibilityGlobals) = postSolution
		SolutionGuid = {60A8A529-8F1B-45FA-A7C8-2FCE517BD25D}
	EndGlobalSection
EndGlobal
